
Microsoft Visual Studio Solution File, Format Version 12.00
# Visual Studio Version 18
VisualStudioVersion = 18.5.11723.231 stable
MinimumVisualStudioVersion = 10.0.40219.1
Project("{8BC9CEB8-8B4A-11D0-8D11-00A0C91BC942}") = "2026Final", "2026Final.vcxproj", "{BEB9358A-5D48-42F6-A9C5-C6659A7CE278}"
EndProject
Global
	GlobalSection(SolutionConfigurationPlatforms) = preSolution
		Debug|x64 = Debug|x64
		Debug|x86 = Debug|x86
		Release|x64 = Release|x64
		Release|x86 = Release|x86
	EndGlobalSection
	GlobalSection(ProjectConfigurationPlatforms) = postSolution
		{BEB9358A-5D48-42F6-A9C5-C6659A7CE278}.Debug|x64.ActiveCfg = Debug|x64
		{BEB9358A-5D48-42F6-A9C5-C6659A7CE278}.Debug|x64.Build.0 = Debug|x64
		{BEB9358A-5D48-42F6-A9C5-C6659A7CE278}.Debug|x86.ActiveCfg = Debug|Win32
		{BEB9358A-5D48-42F6-A9C5-C6659A7CE278}.Debug|x86.Build.0 = Debug|Win32
		{BEB9358A-5D48-42F6-A9C5-C6659A7CE278}.Release|x64.ActiveCfg = Release|x64
		{BEB9358A-5D48-42F6-A9C5-C6659A7CE278}.Release|x64.Build.0 = Release|x64
		{BEB9358A-5D48-42F6-A9C5-C6659A7CE278}.Release|x86.ActiveCfg = Release|Win32
		{BEB9358A-5D48-42F6-A9C5-C6659A7CE278}.Release|x86.Build.0 = Release|Win32
	EndGlobalSection
	GlobalSection(SolutionProperties) = preSolution
		HideSolutionNode = FALSE
	EndGlobalSection
	GlobalSection(ExtensibilityGlobals) = postSolution
		SolutionGuid = {757364C5-EA9E-45F2-94FE-120E3F73AA85}
	EndGlobalSection
EndGlobal
